
Microsoft Visual Studio Solution File, Format Version 12.00
# Visual Studio 15
VisualStudioVersion = 15.0.28307.136
MinimumVisualStudioVersion = 10.0.40219.1
Project("{9A19103F-16F7-4668-BE54-9A1E7A4F7556}") = "Gerontocracy.App", "Gerontocracy.App\Gerontocracy.App.csproj", "{576D0B4C-2E8E-41B5-91B6-4A89F98F4E41}"
EndProject
Project("{9A19103F-16F7-4668-BE54-9A1E7A4F7556}") = "Gerontocracy.Core", "Gerontocracy.Core\Gerontocracy.Core.csproj", "{EEC47223-08E2-4F62-A024-311E0DE13F6F}"
EndProject
Project("{9A19103F-16F7-4668-BE54-9A1E7A4F7556}") = "Gerontocracy.Data", "Gerontocracy.Data\Gerontocracy.Data.csproj", "{DD85016D-006C-44F5-9FD3-A8F37E6BC199}"
EndProject
Project("{9A19103F-16F7-4668-BE54-9A1E7A4F7556}") = "Gerontocracy.Shared", "Gerontocracy.Shared\Gerontocracy.Shared.csproj", "{6C67FF00-B863-4C42-8A4E-761A93244543}"
EndProject
Project("{FAE04EC0-301F-11D3-BF4B-00C04F79EFBC}") = "Morphius", "Morphius\Morphius.csproj", "{AA78C4E1-BCAD-472D-AE5F-66ADD7CF44B0}"
EndProject
Global
	GlobalSection(SolutionConfigurationPlatforms) = preSolution
		Debug|Any CPU = Debug|Any CPU
		Release|Any CPU = Release|Any CPU
	EndGlobalSection
	GlobalSection(ProjectConfigurationPlatforms) = postSolution
		{576D0B4C-2E8E-41B5-91B6-4A89F98F4E41}.Debug|Any CPU.ActiveCfg = Debug|Any CPU
		{576D0B4C-2E8E-41B5-91B6-4A89F98F4E41}.Debug|Any CPU.Build.0 = Debug|Any CPU
		{576D0B4C-2E8E-41B5-91B6-4A89F98F4E41}.Release|Any CPU.ActiveCfg = Release|Any CPU
		{576D0B4C-2E8E-41B5-91B6-4A89F98F4E41}.Release|Any CPU.Build.0 = Release|Any CPU
		{EEC47223-08E2-4F62-A024-311E0DE13F6F}.Debug|Any CPU.ActiveCfg = Debug|Any CPU
		{EEC47223-08E2-4F62-A024-311E0DE13F6F}.Debug|Any CPU.Build.0 = Debug|Any CPU
		{EEC47223-08E2-4F62-A024-311E0DE13F6F}.Release|Any CPU.ActiveCfg = Release|Any CPU
		{EEC47223-08E2-4F62-A024-311E0DE13F6F}.Release|Any CPU.Build.0 = Release|Any CPU
		{DD85016D-006C-44F5-9FD3-A8F37E6BC199}.Debug|Any CPU.ActiveCfg = Debug|Any CPU
		{DD85016D-006C-44F5-9FD3-A8F37E6BC199}.Debug|Any CPU.Build.0 = Debug|Any CPU
		{DD85016D-006C-44F5-9FD3-A8F37E6BC199}.Release|Any CPU.ActiveCfg = Release|Any CPU
		{DD85016D-006C-44F5-9FD3-A8F37E6BC199}.Release|Any CPU.Build.0 = Release|Any CPU
		{6C67FF00-B863-4C42-8A4E-761A93244543}.Debug|Any CPU.ActiveCfg = Debug|Any CPU
		{6C67FF00-B863-4C42-8A4E-761A93244543}.Debug|Any CPU.Build.0 = Debug|Any CPU
		{6C67FF00-B863-4C42-8A4E-761A93244543}.Release|Any CPU.ActiveCfg = Release|Any CPU
		{6C67FF00-B863-4C42-8A4E-761A93244543}.Release|Any CPU.Build.0 = Release|Any CPU
		{AA78C4E1-BCAD-472D-AE5F-66ADD7CF44B0}.Debug|Any CPU.ActiveCfg = Debug|Any CPU
		{AA78C4E1-BCAD-472D-AE5F-66ADD7CF44B0}.Debug|Any CPU.Build.0 = Debug|Any CPU
		{AA78C4E1-BCAD-472D-AE5F-66ADD7CF44B0}.Release|Any CPU.ActiveCfg = Release|Any CPU
		{AA78C4E1-BCAD-472D-AE5F-66ADD7CF44B0}.Release|Any CPU.Build.0 = Release|Any CPU
	EndGlobalSection
	GlobalSection(SolutionProperties) = preSolution
		HideSolutionNode = FALSE
	EndGlobalSection
	GlobalSection(ExtensibilityGlobals) = postSolution
		SolutionGuid = {4D6A0923-4BC2-432F-AFFE-C2825A0DAEAD}
	EndGlobalSection
EndGlobal
